
Microsoft Visual Studio Solution File, Format Version 12.00
# Visual Studio Version 16
VisualStudioVersion = 16.0.32510.428
MinimumVisualStudioVersion = 10.0.40219.1
Project("{FAE04EC0-301F-11D3-BF4B-00C04F79EFBC}") = "gitTest1", "gitTest1\gitTest1.csproj", "{63E8D105-62AF-4A64-975E-5C11F08C470E}"
EndProject
Global
	GlobalSection(SolutionConfigurationPlatforms) = preSolution
		Debug|Any CPU = Debug|Any CPU
		Release|Any CPU = Release|Any CPU
	EndGlobalSection
	GlobalSection(ProjectConfigurationPlatforms) = postSolution
		{63E8D105-62AF-4A64-975E-5C11F08C470E}.Debug|Any CPU.ActiveCfg = Debug|Any CPU
		{63E8D105-62AF-4A64-975E-5C11F08C470E}.Debug|Any CPU.Build.0 = Debug|Any CPU
		{63E8D105-62AF-4A64-975E-5C11F08C470E}.Release|Any CPU.ActiveCfg = Release|Any CPU
		{63E8D105-62AF-4A64-975E-5C11F08C470E}.Release|Any CPU.Build.0 = Release|Any CPU
	EndGlobalSection
	GlobalSection(SolutionProperties) = preSolution
		HideSolutionNode = FALSE
	EndGlobalSection
	GlobalSection(ExtensibilityGlobals) = postSolution
		SolutionGuid = {C7F5550E-F8FA-44F3-8333-9C021C3C7D2D}
	EndGlobalSection
EndGlobal
